
Microsoft Visual Studio Solution File, Format Version 12.00
# Visual Studio Version 17
VisualStudioVersion = 17.2.32630.192
MinimumVisualStudioVersion = 10.0.40219.1
Project("{FAE04EC0-301F-11D3-BF4B-00C04F79EFBC}") = "SnakeUJI", "SnakeUJI\SnakeUJI.csproj", "{B9FFD81C-2173-4E25-9B35-73FD985EFEF6}"
EndProject
Global
	GlobalSection(SolutionConfigurationPlatforms) = preSolution
		Debug|Any CPU = Debug|Any CPU
		Release|Any CPU = Release|Any CPU
	EndGlobalSection
	GlobalSection(ProjectConfigurationPlatforms) = postSolution
		{B9FFD81C-2173-4E25-9B35-73FD985EFEF6}.Debug|Any CPU.ActiveCfg = Debug|Any CPU
		{B9FFD81C-2173-4E25-9B35-73FD985EFEF6}.Debug|Any CPU.Build.0 = Debug|Any CPU
		{B9FFD81C-2173-4E25-9B35-73FD985EFEF6}.Release|Any CPU.ActiveCfg = Release|Any CPU
		{B9FFD81C-2173-4E25-9B35-73FD985EFEF6}.Release|Any CPU.Build.0 = Release|Any CPU
	EndGlobalSection
	GlobalSection(SolutionProperties) = preSolution
		HideSolutionNode = FALSE
	EndGlobalSection
	GlobalSection(ExtensibilityGlobals) = postSolution
		SolutionGuid = {65BD9B66-3A6B-4841-BC54-34BC87143796}
	EndGlobalSection
EndGlobal
